
Microsoft Visual Studio Solution File, Format Version 11.00
# Visual Studio 2010
Project("{FAE04EC0-301F-11D3-BF4B-00C04F79EFBC}") = "Invoice", "Invoice\Invoice.csproj", "{E40381C7-9474-43CE-A006-8B0BCA470CA5}"
EndProject
Project("{FAE04EC0-301F-11D3-BF4B-00C04F79EFBC}") = "FactoryInvoice", "FactoryInvoice\FactoryInvoice.csproj", "{E0EEA3D6-D6D8-4281-B7F0-172B211ABC0C}"
EndProject
Project("{FAE04EC0-301F-11D3-BF4B-00C04F79EFBC}") = "InvoiceInterface", "InvoiceInterface\InvoiceInterface.csproj", "{53F80673-7E31-4200-BAB8-3832EE17BE90}"
EndProject
Project("{FAE04EC0-301F-11D3-BF4B-00C04F79EFBC}") = "Clients", "Clients\Clients.csproj", "{162B376E-5EAC-454B-AFA5-A80853AF6351}"
EndProject
Global
	GlobalSection(SolutionConfigurationPlatforms) = preSolution
		Debug|Any CPU = Debug|Any CPU
		Debug|Mixed Platforms = Debug|Mixed Platforms
		Debug|x86 = Debug|x86
		Release|Any CPU = Release|Any CPU
		Release|Mixed Platforms = Release|Mixed Platforms
		Release|x86 = Release|x86
	EndGlobalSection
	GlobalSection(ProjectConfigurationPlatforms) = postSolution
		{E40381C7-9474-43CE-A006-8B0BCA470CA5}.Debug|Any CPU.ActiveCfg = Debug|Any CPU
		{E40381C7-9474-43CE-A006-8B0BCA470CA5}.Debug|Any CPU.Build.0 = Debug|Any CPU
		{E40381C7-9474-43CE-A006-8B0BCA470CA5}.Debug|Mixed Platforms.ActiveCfg = Debug|Any CPU
		{E40381C7-9474-43CE-A006-8B0BCA470CA5}.Debug|Mixed Platforms.Build.0 = Debug|Any CPU
		{E40381C7-9474-43CE-A006-8B0BCA470CA5}.Debug|x86.ActiveCfg = Debug|Any CPU
		{E40381C7-9474-43CE-A006-8B0BCA470CA5}.Release|Any CPU.ActiveCfg = Release|Any CPU
		{E40381C7-9474-43CE-A006-8B0BCA470CA5}.Release|Any CPU.Build.0 = Release|Any CPU
		{E40381C7-9474-43CE-A006-8B0BCA470CA5}.Release|Mixed Platforms.ActiveCfg = Release|Any CPU
		{E40381C7-9474-43CE-A006-8B0BCA470CA5}.Release|Mixed Platforms.Build.0 = Release|Any CPU
		{E40381C7-9474-43CE-A006-8B0BCA470CA5}.Release|x86.ActiveCfg = Release|Any CPU
		{E0EEA3D6-D6D8-4281-B7F0-172B211ABC0C}.Debug|Any CPU.ActiveCfg = Debug|Any CPU
		{E0EEA3D6-D6D8-4281-B7F0-172B211ABC0C}.Debug|Any CPU.Build.0 = Debug|Any CPU
		{E0EEA3D6-D6D8-4281-B7F0-172B211ABC0C}.Debug|Mixed Platforms.ActiveCfg = Debug|Any CPU
		{E0EEA3D6-D6D8-4281-B7F0-172B211ABC0C}.Debug|Mixed Platforms.Build.0 = Debug|Any CPU
		{E0EEA3D6-D6D8-4281-B7F0-172B211ABC0C}.Debug|x86.ActiveCfg = Debug|Any CPU
		{E0EEA3D6-D6D8-4281-B7F0-172B211ABC0C}.Release|Any CPU.ActiveCfg = Release|Any CPU
		{E0EEA3D6-D6D8-4281-B7F0-172B211ABC0C}.Release|Any CPU.Build.0 = Release|Any CPU
		{E0EEA3D6-D6D8-4281-B7F0-172B211ABC0C}.Release|Mixed Platforms.ActiveCfg = Release|Any CPU
		{E0EEA3D6-D6D8-4281-B7F0-172B211ABC0C}.Release|Mixed Platforms.Build.0 = Release|Any CPU
		{E0EEA3D6-D6D8-4281-B7F0-172B211ABC0C}.Release|x86.ActiveCfg = Release|Any CPU
		{53F80673-7E31-4200-BAB8-3832EE17BE90}.Debug|Any CPU.ActiveCfg = Debug|Any CPU
		{53F80673-7E31-4200-BAB8-3832EE17BE90}.Debug|Any CPU.Build.0 = Debug|Any CPU
		{53F80673-7E31-4200-BAB8-3832EE17BE90}.Debug|Mixed Platforms.ActiveCfg = Debug|Any CPU
		{53F80673-7E31-4200-BAB8-3832EE17BE90}.Debug|Mixed Platforms.Build.0 = Debug|Any CPU
		{53F80673-7E31-4200-BAB8-3832EE17BE90}.Debug|x86.ActiveCfg = Debug|Any CPU
		{53F80673-7E31-4200-BAB8-3832EE17BE90}.Release|Any CPU.ActiveCfg = Release|Any CPU
		{53F80673-7E31-4200-BAB8-3832EE17BE90}.Release|Any CPU.Build.0 = Release|Any CPU
		{53F80673-7E31-4200-BAB8-3832EE17BE90}.Release|Mixed Platforms.ActiveCfg = Release|Any CPU
		{53F80673-7E31-4200-BAB8-3832EE17BE90}.Release|Mixed Platforms.Build.0 = Release|Any CPU
		{53F80673-7E31-4200-BAB8-3832EE17BE90}.Release|x86.ActiveCfg = Release|Any CPU
		{162B376E-5EAC-454B-AFA5-A80853AF6351}.Debug|Any CPU.ActiveCfg = Debug|x86
		{162B376E-5EAC-454B-AFA5-A80853AF6351}.Debug|Mixed Platforms.ActiveCfg = Debug|x86
		{162B376E-5EAC-454B-AFA5-A80853AF6351}.Debug|Mixed Platforms.Build.0 = Debug|x86
		{162B376E-5EAC-454B-AFA5-A80853AF6351}.Debug|x86.ActiveCfg = Debug|x86
		{162B376E-5EAC-454B-AFA5-A80853AF6351}.Debug|x86.Build.0 = Debug|x86
		{162B376E-5EAC-454B-AFA5-A80853AF6351}.Release|Any CPU.ActiveCfg = Release|x86
		{162B376E-5EAC-454B-AFA5-A80853AF6351}.Release|Mixed Platforms.ActiveCfg = Release|x86
		{162B376E-5EAC-454B-AFA5-A80853AF6351}.Release|Mixed Platforms.Build.0 = Release|x86
		{162B376E-5EAC-454B-AFA5-A80853AF6351}.Release|x86.ActiveCfg = Release|x86
		{162B376E-5EAC-454B-AFA5-A80853AF6351}.Release|x86.Build.0 = Release|x86
	EndGlobalSection
	GlobalSection(SolutionProperties) = preSolution
		HideSolutionNode = FALSE
	EndGlobalSection
EndGlobal
